<?xml version="1.0" encoding="utf-8"?>
<Project ToolsVersion="4.0" xmlns="http://schemas.microsoft.com/developer/msbuild/2003">
  <ItemGroup>
    <Filter Include="Source Files">
      <UniqueIdentifier>{4FC737F1-C7A5-4376-A066-2A32D752A2FF}</UniqueIdentifier>
      <Extensions>cpp;c;cc;cxx;def;odl;idl;hpj;bat;asm;asmx</Extensions>
    </Filter>
    <Filter Include="Resource Files">
      <UniqueIdentifier>{67DA6AB6-F800-4c08-8B7A-83BB121AAD01}</UniqueIdentifier>
      <Extensions>rc;ico;cur;bmp;dlg;rc2;rct;bin;rgs;gif;jpg;jpeg;jpe;resx;tiff;tif;png;wav;mfcribbon-ms</Extensions>
    </Filter>
    <Filter Include="Main">
      <UniqueIdentifier>{0d12d7d1-0b44-4e11-8d40-384a198bfd76}</UniqueIdentifier>
    </Filter>
    <Filter Include="Engine">
      <UniqueIdentifier>{b24a35de-62d5-4d1d-813e-f6f217c3ed02}</UniqueIdentifier>
    </Filter>
    <Filter Include="Header Files">
      <UniqueIdentifier>{93995380-89BD-4b04-88EB-625FBE52EBFB}</UniqueIdentifier>
      <Extensions>h;hh;hpp;hxx;hm;inl;inc;ipp;xsd</Extensions>
    </Filter>
    <Filter Include="#Ball">
      <UniqueIdentifier>{0f6e5f2d-db7d-4df0-bb17-6db5c1881b44}</UniqueIdentifier>
    </Filter>
    <Filter Include="#Ball\Ball">
      <UniqueIdentifier>{6c14793c-3234-4996-8754-a4855ea913d0}</UniqueIdentifier>
    </Filter>
    <Filter Include="#Ball\Ball_Set">
      <UniqueIdentifier>{9aa80ab0-0cfe-4a81-adda-8763828014a1}</UniqueIdentifier>
    </Filter>
    <Filter Include="#Laser_Beam">
      <UniqueIdentifier>{cc971dde-cf66-4c47-8274-c16efcba03ff}</UniqueIdentifier>
    </Filter>
    <Filter Include="#Laser_Beam\Laser_Beam">
      <UniqueIdentifier>{37c17f8b-11bb-4627-82ce-3944c0f37466}</UniqueIdentifier>
    </Filter>
    <Filter Include="#Laser_Beam\Laser_Beam_Set">
      <UniqueIdentifier>{aaf4dba5-14d3-4eb8-95a9-30846edf0212}</UniqueIdentifier>
    </Filter>
    <Filter Include="#Platform">
      <UniqueIdentifier>{c10db37e-ada4-4ff6-96fa-86ef0d1a3256}</UniqueIdentifier>
    </Filter>
    <Filter Include="#Platform\Platform">
      <UniqueIdentifier>{9ff61a79-88c6-46d8-82c7-55c53a2bf2ba}</UniqueIdentifier>
    </Filter>
    <Filter Include="#Platform\Platform_Expanding">
      <UniqueIdentifier>{1e728150-aad3-4b86-b3bb-2b7dc9850f62}</UniqueIdentifier>
    </Filter>
    <Filter Include="#Platform\Platform_Glue">
      <UniqueIdentifier>{464f9c3d-5606-4b8e-9fc2-8bd0dfefda13}</UniqueIdentifier>
    </Filter>
    <Filter Include="#Platform\Platform_Laser">
      <UniqueIdentifier>{82bc633e-6a6f-4f05-8f73-42509ef13c13}</UniqueIdentifier>
    </Filter>
    <Filter Include="#Platform\Platform_State">
      <UniqueIdentifier>{2f745a76-606f-46c4-b0ac-880f27f21b8f}</UniqueIdentifier>
    </Filter>
    <Filter Include="#Tools">
      <UniqueIdentifier>{38dfb27a-540b-474f-a8ff-5e66f95a90eb}</UniqueIdentifier>
    </Filter>
    <Filter Include="#Tools\Config">
      <UniqueIdentifier>{d47e0b6f-9d2a-4b7b-b735-bcd2c5b78711}</UniqueIdentifier>
    </Filter>
    <Filter Include="#Tools\Tools">
      <UniqueIdentifier>{c3208528-5d1a-493a-9b99-f9889cc91b07}</UniqueIdentifier>
    </Filter>
    <Filter Include="#Border">
      <UniqueIdentifier>{180f1b5a-2c42-4689-9693-f3df6ce0807f}</UniqueIdentifier>
    </Filter>
    <Filter Include="#Border\Border">
      <UniqueIdentifier>{fa44af56-897d-4df7-9c5a-02d5ce74f94d}</UniqueIdentifier>
    </Filter>
    <Filter Include="#Border\Gate">
      <UniqueIdentifier>{533ca59a-16a2-4c2f-b439-ef3dda1b1877}</UniqueIdentifier>
    </Filter>
    <Filter Include="#Monsters">
      <UniqueIdentifier>{8e5649ec-0a86-4279-bec5-b8f70aae1e14}</UniqueIdentifier>
    </Filter>
    <Filter Include="#Monsters\Monster_Set">
      <UniqueIdentifier>{a0cbfbed-0a4a-4c3b-91ba-526371a70000}</UniqueIdentifier>
    </Filter>
    <Filter Include="#Monsters\Explosive_Ball">
      <UniqueIdentifier>{5dda6630-29ed-46e0-976c-79be1b1bafff}</UniqueIdentifier>
    </Filter>
    <Filter Include="#Monsters\Monster">
      <UniqueIdentifier>{1cce4c2a-c6de-4355-a4bf-1e1f3ae2acaf}</UniqueIdentifier>
    </Filter>
    <Filter Include="#Screen">
      <UniqueIdentifier>{24e7b07b-2d0f-4d5a-9a17-bd8e765dd6df}</UniqueIdentifier>
    </Filter>
    <Filter Include="#Screen\Information_Panel">
      <UniqueIdentifier>{7298cb8e-e092-4e4e-a1a1-41f238364d0e}</UniqueIdentifier>
    </Filter>
    <Filter Include="#Screen\Level">
      <UniqueIdentifier>{af0f142b-c080-4e29-8c92-82778d40dffd}</UniqueIdentifier>
    </Filter>
    <Filter Include="#Screen\Falling_Letter">
      <UniqueIdentifier>{60cf690e-ab51-4938-893e-2a7b8a6db292}</UniqueIdentifier>
    </Filter>
    <Filter Include="#Screen\Active_Brick">
      <UniqueIdentifier>{63e4d4d8-864f-4cdb-9635-a2888618aef0}</UniqueIdentifier>
    </Filter>
    <Filter Include="#Screen\Indicator">
      <UniqueIdentifier>{6908807c-fd0d-4efc-92b2-1f5ea184dd29}</UniqueIdentifier>
    </Filter>
    <Filter Include="#Screen\Level_Data">
      <UniqueIdentifier>{a4afddeb-7a3c-44dd-828d-19806cf6d79e}</UniqueIdentifier>
    </Filter>
    <Filter Include="#Mop">
      <UniqueIdentifier>{8cef89d5-7a9d-4170-969c-2d42e3415152}</UniqueIdentifier>
    </Filter>
    <Filter Include="#Mop\Mop">
      <UniqueIdentifier>{3a907ca6-bc31-4d86-99f4-c2036b66f0e4}</UniqueIdentifier>
    </Filter>
    <Filter Include="#Mop\Mop_Indicator">
      <UniqueIdentifier>{ca37d90b-e623-4f75-83d1-b4a6d6d2dc44}</UniqueIdentifier>
    </Filter>
    <Filter Include="#Mop\Mop_Cylinder">
      <UniqueIdentifier>{c5422102-2ae6-43f5-bacd-644a3f9f7c5b}</UniqueIdentifier>
    </Filter>
    <Filter Include="#Monsters\Explosion">
      <UniqueIdentifier>{52347549-9d83-4320-a0b2-5623ee250d09}</UniqueIdentifier>
    </Filter>
    <Filter Include="#Screen\Level_Title">
      <UniqueIdentifier>{95677bd2-1c18-4c65-ad3e-e603e7b29995}</UniqueIdentifier>
    </Filter>
    <Filter Include="#Screen\Label">
      <UniqueIdentifier>{7e1b82e5-efe2-4b29-acdc-05625020eebd}</UniqueIdentifier>
    </Filter>
  </ItemGroup>
  <ItemGroup>
    <ClInclude Include="framework.h">
      <Filter>Header Files</Filter>
    </ClInclude>
    <ClInclude Include="targetver.h">
      <Filter>Header Files</Filter>
    </ClInclude>
    <ClInclude Include="Resource.h">
      <Filter>Header Files</Filter>
    </ClInclude>
    <ClInclude Include="Main.h">
      <Filter>Main</Filter>
    </ClInclude>
    <ClInclude Include="Engine.h">
      <Filter>Engine</Filter>
    </ClInclude>
    <ClInclude Include="Level.h">
      <Filter>#Screen\Level</Filter>
    </ClInclude>
    <ClInclude Include="Ball.h">
      <Filter>#Ball\Ball</Filter>
    </ClInclude>
    <ClInclude Include="Platform.h">
      <Filter>#Platform\Platform</Filter>
    </ClInclude>
    <ClInclude Include="Active_Brick.h">
      <Filter>#Screen\Active_Brick</Filter>
    </ClInclude>
    <ClInclude Include="Falling_Letter.h">
      <Filter>#Screen\Falling_Letter</Filter>
    </ClInclude>
    <ClInclude Include="Border.h">
      <Filter>#Border\Border</Filter>
    </ClInclude>
    <ClInclude Include="Ball_Set.h">
      <Filter>#Ball\Ball_Set</Filter>
    </ClInclude>
    <ClInclude Include="Config.h">
      <Filter>#Tools\Config</Filter>
    </ClInclude>
    <ClInclude Include="Laser_Beam.h">
      <Filter>#Laser_Beam\Laser_Beam</Filter>
    </ClInclude>
    <ClInclude Include="Common.h">
      <Filter>#Tools\Tools</Filter>
    </ClInclude>
    <ClInclude Include="Laser_Beam_Set.h">
      <Filter>#Laser_Beam\Laser_Beam_Set</Filter>
    </ClInclude>
    <ClInclude Include="Platform_State.h">
      <Filter>#Platform\Platform_State</Filter>
    </ClInclude>
    <ClInclude Include="Platform_Glue.h">
      <Filter>#Platform\Platform_Glue</Filter>
    </ClInclude>
    <ClInclude Include="Platform_Expanding.h">
      <Filter>#Platform\Platform_Expanding</Filter>
    </ClInclude>
    <ClInclude Include="Platform_Laser.h">
      <Filter>#Platform\Platform_Laser</Filter>
    </ClInclude>
    <ClInclude Include="Gate.h">
      <Filter>#Border\Gate</Filter>
    </ClInclude>
    <ClInclude Include="Monster_Set.h">
      <Filter>#Monsters\Monster_Set</Filter>
    </ClInclude>
    <ClInclude Include="Explosive_Ball.h">
      <Filter>#Monsters\Explosive_Ball</Filter>
    </ClInclude>
    <ClInclude Include="Monster.h">
      <Filter>#Monsters\Monster</Filter>
    </ClInclude>
    <ClInclude Include="Information_Panel.h">
      <Filter>#Screen\Information_Panel</Filter>
    </ClInclude>
    <ClInclude Include="Indicator.h">
      <Filter>#Screen\Indicator</Filter>
    </ClInclude>
    <ClInclude Include="Level_Data.h">
      <Filter>#Screen\Level_Data</Filter>
    </ClInclude>
    <ClInclude Include="Mop.h">
      <Filter>#Mop\Mop</Filter>
    </ClInclude>
    <ClInclude Include="Mop_Indicator.h">
      <Filter>#Mop\Mop_Indicator</Filter>
    </ClInclude>
    <ClInclude Include="Mop_Cylinder.h">
      <Filter>#Mop\Mop_Cylinder</Filter>
    </ClInclude>
    <ClInclude Include="Explosion.h">
      <Filter>#Monsters\Explosion</Filter>
    </ClInclude>
    <ClInclude Include="Level_Title.h">
      <Filter>#Screen\Level_Title</Filter>
    </ClInclude>
    <ClInclude Include="Label.h">
      <Filter>#Screen\Label</Filter>
    </ClInclude>
  </ItemGroup>
  <ItemGroup>
    <ResourceCompile Include="Popcorn.rc">
      <Filter>Resource Files</Filter>
    </ResourceCompile>
  </ItemGroup>
  <ItemGroup>
    <Image Include="small.ico">
      <Filter>Resource Files</Filter>
    </Image>
    <Image Include="Popcorn.ico">
      <Filter>Resource Files</Filter>
    </Image>
  </ItemGroup>
  <ItemGroup>
    <ClCompile Include="Main.cpp">
      <Filter>Main</Filter>
    </ClCompile>
    <ClCompile Include="Engine.cpp">
      <Filter>Engine</Filter>
    </ClCompile>
    <ClCompile Include="Border.cpp">
      <Filter>#Border\Border</Filter>
    </ClCompile>
    <ClCompile Include="Level.cpp">
      <Filter>#Screen\Level</Filter>
    </ClCompile>
    <ClCompile Include="Config.cpp">
      <Filter>#Tools\Config</Filter>
    </ClCompile>
    <ClCompile Include="Ball.cpp">
      <Filter>#Ball\Ball</Filter>
    </ClCompile>
    <ClCompile Include="Platform.cpp">
      <Filter>#Platform\Platform</Filter>
    </ClCompile>
    <ClCompile Include="Active_Brick.cpp">
      <Filter>#Screen\Active_Brick</Filter>
    </ClCompile>
    <ClCompile Include="Falling_Letter.cpp">
      <Filter>#Screen\Falling_Letter</Filter>
    </ClCompile>
    <ClCompile Include="Ball_Set.cpp">
      <Filter>#Ball\Ball_Set</Filter>
    </ClCompile>
    <ClCompile Include="Laser_Beam.cpp">
      <Filter>#Laser_Beam\Laser_Beam</Filter>
    </ClCompile>
    <ClCompile Include="Common.cpp">
      <Filter>#Tools\Tools</Filter>
    </ClCompile>
    <ClCompile Include="Laser_Beam_Set.cpp">
      <Filter>#Laser_Beam\Laser_Beam_Set</Filter>
    </ClCompile>
    <ClCompile Include="Platform_State.cpp">
      <Filter>#Platform\Platform_State</Filter>
    </ClCompile>
    <ClCompile Include="Platform_Glue.cpp">
      <Filter>#Platform\Platform_Glue</Filter>
    </ClCompile>
    <ClCompile Include="Platform_Expanding.cpp">
      <Filter>#Platform\Platform_Expanding</Filter>
    </ClCompile>
    <ClCompile Include="Platform_Laser.cpp">
      <Filter>#Platform\Platform_Laser</Filter>
    </ClCompile>
    <ClCompile Include="Gate.cpp">
      <Filter>#Border\Gate</Filter>
    </ClCompile>
    <ClCompile Include="Monster_Set.cpp">
      <Filter>#Monsters\Monster_Set</Filter>
    </ClCompile>
    <ClCompile Include="Explosive_Ball.cpp">
      <Filter>#Monsters\Explosive_Ball</Filter>
    </ClCompile>
    <ClCompile Include="Monster.cpp">
      <Filter>#Monsters\Monster</Filter>
    </ClCompile>
    <ClCompile Include="Information_Panel.cpp">
      <Filter>#Screen\Information_Panel</Filter>
    </ClCompile>
    <ClCompile Include="Indicator.cpp">
      <Filter>#Screen\Indicator</Filter>
    </ClCompile>
    <ClCompile Include="Level_Data.cpp">
      <Filter>#Screen\Level_Data</Filter>
    </ClCompile>
    <ClCompile Include="Mop.cpp">
      <Filter>#Mop\Mop</Filter>
    </ClCompile>
    <ClCompile Include="Mop_Indicator.cpp">
      <Filter>#Mop\Mop_Indicator</Filter>
    </ClCompile>
    <ClCompile Include="Mop_Cylinder.cpp">
      <Filter>#Mop\Mop_Cylinder</Filter>
    </ClCompile>
    <ClCompile Include="Explosion.cpp">
      <Filter>#Monsters\Explosion</Filter>
    </ClCompile>
    <ClCompile Include="Level_Title.cpp">
      <Filter>#Screen\Level_Title</Filter>
    </ClCompile>
    <ClCompile Include="Label.cpp">
      <Filter>#Screen\Label</Filter>
    </ClCompile>
  </ItemGroup>
</Project>